lockfileVersion: '9.0'

settings:
  autoInstallPeers: true
  excludeLinksFromLockfile: false

importers:

  .:
    dependencies:
      react:
        specifier: ^19.2.1
        version: 19.2.1
      react-dom:
        specifier: ^19.2.1
        version: 19.2.1(react@19.2.1)
    devDependencies:
      '@rsbuild/core':
        specifier: ^1.6.12
        version: 1.6.12
      '@rsbuild/plugin-react':
        specifier: ^1.4.2
        version: 1.4.2(@rsbuild/core@1.6.12)
      '@types/react':
        specifier: ^19.2.7
        version: 19.2.7
      '@types/react-dom':
        specifier: ^19.2.3
        version: 19.2.3(@types/react@19.2.7)
      typescript:
        specifier: ^5.9.3
        version: 5.9.3

packages:

  '@emnapi/core@1.7.1':
    resolution: {integrity: sha512-o1uhUASyo921r2XtHYOHy7gdkGLge8ghBEQHMWmyJFoXlpU58kIrhhN3w26lpQb6dspetweapMn2CSNwQ8I4wg==}

  '@emnapi/runtime@1.7.1':
    resolution: {integrity: sha512-PVtJr5CmLwYAU9PZDMITZoR5iAOShYREoR45EyyLrbntV50mdePTgUn4AmOw90Ifcj+x2kRjdzr1HP3RrNiHGA==}

  '@emnapi/wasi-threads@1.1.0':
    resolution: {integrity: sha512-WI0DdZ8xFSbgMjR1sFsKABJ/C5OnRrjT06JXbZKexJGrDuPTzZdDYfFlsgcCXCyf+suG5QU2e/y1Wo2V/OapLQ==}

  '@module-federation/error-codes@0.21.6':
    resolution: {integrity: sha512-MLJUCQ05KnoVl8xd6xs9a5g2/8U+eWmVxg7xiBMeR0+7OjdWUbHwcwgVFatRIwSZvFgKHfWEiI7wsU1q1XbTRQ==}

  '@module-federation/runtime-core@0.21.6':
    resolution: {integrity: sha512-5Hd1Y5qp5lU/aTiK66lidMlM/4ji2gr3EXAtJdreJzkY+bKcI5+21GRcliZ4RAkICmvdxQU5PHPL71XmNc7Lsw==}

  '@module-federation/runtime-tools@0.21.6':
    resolution: {integrity: sha512-fnP+ZOZTFeBGiTAnxve+axGmiYn2D60h86nUISXjXClK3LUY1krUfPgf6MaD4YDJ4i51OGXZWPekeMe16pkd8Q==}

  '@module-federation/runtime@0.21.6':
    resolution: {integrity: sha512-+caXwaQqwTNh+CQqyb4mZmXq7iEemRDrTZQGD+zyeH454JAYnJ3s/3oDFizdH6245pk+NiqDyOOkHzzFQorKhQ==}

  '@module-federation/sdk@0.21.6':
    resolution: {integrity: sha512-x6hARETb8iqHVhEsQBysuWpznNZViUh84qV2yE7AD+g7uIzHKiYdoWqj10posbo5XKf/147qgWDzKZoKoEP2dw==}

  '@module-federation/webpack-bundler-runtime@0.21.6':
    resolution: {integrity: sha512-7zIp3LrcWbhGuFDTUMLJ2FJvcwjlddqhWGxi/MW3ur1a+HaO8v5tF2nl+vElKmbG1DFLU/52l3PElVcWf/YcsQ==}

  '@napi-rs/wasm-runtime@1.0.7':
    resolution: {integrity: sha512-SeDnOO0Tk7Okiq6DbXmmBODgOAb9dp9gjlphokTUxmt8U3liIP1ZsozBahH69j/RJv+Rfs6IwUKHTgQYJ/HBAw==}

  '@rsbuild/core@1.6.12':
    resolution: {integrity: sha512-gHwDfAMMgK2Zu9JgiekX949F262g6yYY+/ZLTIaMXHZmqYLAgsu0XOeVogpfQa045xcnwcQfpieiB9zgukJSgw==}
    engines: {node: '>=18.12.0'}
    hasBin: true

  '@rsbuild/plugin-react@1.4.2':
    resolution: {integrity: sha512-2rJb5mOuqVof2aDq4SbB1E65+0n1vjhAADipC88jvZRNuTOulg79fh7R4tsCiBMI4VWq46gSpwekiK8G5bq6jg==}
    peerDependencies:
      '@rsbuild/core': 1.x

  '@rspack/binding-darwin-arm64@1.6.6':
    resolution: {integrity: sha512-vGVDP0rlWa2w/gLba/sncVfkCah0HmhdmK5vGj/7sSX0iViwQneA2xjxDHyCNSQrvfq9GJmj4Kmdq/9tGh0KuA==}
    cpu: [arm64]
    os: [darwin]

  '@rspack/binding-darwin-x64@1.6.6':
    resolution: {integrity: sha512-IcdEG2kOmbPPO70Zl7gDnowDjK7d7C1hWew2vU7dPltr2t1JalRIMnS051lhiur0ULkSxV3cW1zXqv0Oi8AnOg==}
    cpu: [x64]
    os: [darwin]

  '@rspack/binding-linux-arm64-gnu@1.6.6':
    resolution: {integrity: sha512-rIguCCtlTcwoFlwheDiUgdImk27spuCRn43zGJogARpM/ZYRFKIuSwFDGUtJT2g0TSLUAHUhWAUqC36NwvrbMQ==}
    cpu: [arm64]
    os: [linux]

  '@rspack/binding-linux-arm64-musl@1.6.6':
    resolution: {integrity: sha512-x6X6Gr0fUw6qrJGxZt3Rb6oIX+jd9pdcyp0VbtofcLaqGVQbzustYsYnuLATPOys0q4J/4kWnmEhkjLJHwkhpQ==}
    cpu: [arm64]
    os: [linux]

  '@rspack/binding-linux-x64-gnu@1.6.6':
    resolution: {integrity: sha512-gSlVdASszWHosQKn+nzYOInBijdQboUnmNMGgW9/PijVg3433IvQjzviUuJFno8CMGgrACV9yw+ZFDuK0J57VA==}
    cpu: [x64]
    os: [linux]

  '@rspack/binding-linux-x64-musl@1.6.6':
    resolution: {integrity: sha512-TZaqVkh7memsTK/hxkOBrbpdzbmBUMea1YnYt++7QjMgco1kWFvAQ+YhAWtIaOaEg8s6C07Lt0Zp8izM2Dja0g==}
    cpu: [x64]
    os: [linux]

  '@rspack/binding-wasm32-wasi@1.6.6':
    resolution: {integrity: sha512-W4mWdlLnYrbUaktyHOGNfATblxMTbgF7CBfDw8PhbDtjd2l8e/TnaHgIDkwITHXAOMEF/QEKfo9FtusbcQJNKw==}
    cpu: [wasm32]

  '@rspack/binding-win32-arm64-msvc@1.6.6':
    resolution: {integrity: sha512-cw5OgxqoDwjoZlk0L3vGEwcjPZsOVFYLwr2ssiC05rsTbhBwxj8coLpAJdvUvbf6C2TTmCB7iPe2sPq1KWD37g==}
    cpu: [arm64]
    os: [win32]

  '@rspack/binding-win32-ia32-msvc@1.6.6':
    resolution: {integrity: sha512-M4ruR+VZ59iy+mPjy6FQPT27cOgeytf3wFBrt7e0suKeNLYGxrNyI9YhgpCTY++SMJsAMgRLGDHoI3ZgWulw1Q==}
    cpu: [ia32]
    os: [win32]

  '@rspack/binding-win32-x64-msvc@1.6.6':
    resolution: {integrity: sha512-q5QTvdhPUh+CA93cQG5zWKRIHMIWPzw+ftFDEwBw52zYdvNAoLniqD8o5Mi8CT0pndhulXgR5aw0Sjd3eMah+A==}
    cpu: [x64]
    os: [win32]

  '@rspack/binding@1.6.6':
    resolution: {integrity: sha512-noiV+qhyBTVpvG2M4bnOwKk2Ynl6G47Wf7wpCjPCFr87qr3txNwTTnhkEJEU59yj+VvIhbRD2rf5+9TLoT0Wxg==}

  '@rspack/core@1.6.6':
    resolution: {integrity: sha512-2mR+2YBydlgZ7Q0Rpd6bCC3MBnV9TS0x857K0zIhbDj4BQOqaWVy1n7fx/B3MrS8TR0QCuzKfyDAjNz+XTyJVQ==}
    engines: {node: '>=18.12.0'}
    peerDependencies:
      '@swc/helpers': '>=0.5.1'
    peerDependenciesMeta:
      '@swc/helpers':
        optional: true

  '@rspack/lite-tapable@1.1.0':
    resolution: {integrity: sha512-E2B0JhYFmVAwdDiG14+DW0Di4Ze4Jg10Pc4/lILUrd5DRCaklduz2OvJ5HYQ6G+hd+WTzqQb3QnDNfK4yvAFYw==}

  '@rspack/plugin-react-refresh@1.5.3':
    resolution: {integrity: sha512-VOnQMf3YOHkTqJ0+BJbrYga4tQAWNwoAnkgwRauXB4HOyCc5wLfBs9DcOFla/2usnRT3Sq6CMVhXmdPobwAoTA==}
    peerDependencies:
      react-refresh: '>=0.10.0 <1.0.0'
      webpack-hot-middleware: 2.x
    peerDependenciesMeta:
      webpack-hot-middleware:
        optional: true

  '@swc/helpers@0.5.17':
    resolution: {integrity: sha512-5IKx/Y13RsYd+sauPb2x+U/xZikHjolzfuDgTAl/Tdf3Q8rslRvC19NKDLgAJQ6wsqADk10ntlv08nPFw/gO/A==}

  '@tybys/wasm-util@0.10.1':
    resolution: {integrity: sha512-9tTaPJLSiejZKx+Bmog4uSubteqTvFrVrURwkmHixBo0G4seD0zUxp98E1DzUBJxLQ3NPwXrGKDiVjwx/DpPsg==}

  '@types/react-dom@19.2.3':
    resolution: {integrity: sha512-jp2L/eY6fn+KgVVQAOqYItbF0VY/YApe5Mz2F0aykSO8gx31bYCZyvSeYxCHKvzHG5eZjc+zyaS5BrBWya2+kQ==}
    peerDependencies:
      '@types/react': ^19.2.0

  '@types/react@19.2.7':
    resolution: {integrity: sha512-MWtvHrGZLFttgeEj28VXHxpmwYbor/ATPYbBfSFZEIRK0ecCFLl2Qo55z52Hss+UV9CRN7trSeq1zbgx7YDWWg==}

  core-js@3.47.0:
    resolution: {integrity: sha512-c3Q2VVkGAUyupsjRnaNX6u8Dq2vAdzm9iuPj5FW0fRxzlxgq9Q39MDq10IvmQSpLgHQNyQzQmOo6bgGHmH3NNg==}

  csstype@3.2.3:
    resolution: {integrity: sha512-z1HGKcYy2xA8AGQfwrn0PAy+PB7X/GSj3UVJW9qKyn43xWa+gl5nXmU4qqLMRzWVLFC8KusUX8T/0kCiOYpAIQ==}

  error-stack-parser@2.1.4:
    resolution: {integrity: sha512-Sk5V6wVazPhq5MhpO+AUxJn5x7XSXGl1R93Vn7i+zS15KDVxQijejNCrz8340/2bgLBjR9GtEG8ZVKONDjcqGQ==}

  html-entities@2.6.0:
    resolution: {integrity: sha512-kig+rMn/QOVRvr7c86gQ8lWXq+Hkv6CbAH1hLu+RG338StTpE8Z0b44SDVaqVu7HGKf27frdmUYEs9hTUX/cLQ==}

  jiti@2.6.1:
    resolution: {integrity: sha512-ekilCSN1jwRvIbgeg/57YFh8qQDNbwDb9xT/qu2DAHbFFZUicIl4ygVaAvzveMhMVr3LnpSKTNnwt8PoOfmKhQ==}
    hasBin: true

  react-dom@19.2.1:
    resolution: {integrity: sha512-ibrK8llX2a4eOskq1mXKu/TGZj9qzomO+sNfO98M6d9zIPOEhlBkMkBUBLd1vgS0gQsLDBzA+8jJBVXDnfHmJg==}
    peerDependencies:
      react: ^19.2.1

  react-refresh@0.18.0:
    resolution: {integrity: sha512-QgT5//D3jfjJb6Gsjxv0Slpj23ip+HtOpnNgnb2S5zU3CB26G/IDPGoy4RJB42wzFE46DRsstbW6tKHoKbhAxw==}
    engines: {node: '>=0.10.0'}

  react@19.2.1:
    resolution: {integrity: sha512-DGrYcCWK7tvYMnWh79yrPHt+vdx9tY+1gPZa7nJQtO/p8bLTDaHp4dzwEhQB7pZ4Xe3ok4XKuEPrVuc+wlpkmw==}
    engines: {node: '>=0.10.0'}

  scheduler@0.27.0:
    resolution: {integrity: sha512-eNv+WrVbKu1f3vbYJT/xtiF5syA5HPIMtf9IgY/nKg0sWqzAUEvqY/xm7OcZc/qafLx/iO9FgOmeSAp4v5ti/Q==}

  stackframe@1.3.4:
    resolution: {integrity: sha512-oeVtt7eWQS+Na6F//S4kJ2K2VbRlS9D43mAlMyVpVWovy9o+jfgH8O9agzANzaiLjclA0oYzUXEM4PurhSUChw==}

  tslib@2.8.1:
    resolution: {integrity: sha512-oJFu94HQb+KVduSUQL7wnpmqnfmLsOA/nAh6b6EH0wCEoK0/mPeXU6c3wKDV83MkOuHPRHtSXKKU99IBazS/2w==}

  typescript@5.9.3:
    resolution: {integrity: sha512-jl1vZzPDinLr9eUt3J/t7V6FgNEw9QjvBPdysz9KfQDD41fQrC2Y4vKQdiaUpFT4bXlb1RHhLpp8wtm6M5TgSw==}
    engines: {node: '>=14.17'}
    hasBin: true

snapshots:

  '@emnapi/core@1.7.1':
    dependencies:
      '@emnapi/wasi-threads': 1.1.0
      tslib: 2.8.1
    optional: true

  '@emnapi/runtime@1.7.1':
    dependencies:
      tslib: 2.8.1
    optional: true

  '@emnapi/wasi-threads@1.1.0':
    dependencies:
      tslib: 2.8.1
    optional: true

  '@module-federation/error-codes@0.21.6': {}

  '@module-federation/runtime-core@0.21.6':
    dependencies:
      '@module-federation/error-codes': 0.21.6
      '@module-federation/sdk': 0.21.6

  '@module-federation/runtime-tools@0.21.6':
    dependencies:
      '@module-federation/runtime': 0.21.6
      '@module-federation/webpack-bundler-runtime': 0.21.6

  '@module-federation/runtime@0.21.6':
    dependencies:
      '@module-federation/error-codes': 0.21.6
      '@module-federation/runtime-core': 0.21.6
      '@module-federation/sdk': 0.21.6

  '@module-federation/sdk@0.21.6': {}

  '@module-federation/webpack-bundler-runtime@0.21.6':
    dependencies:
      '@module-federation/runtime': 0.21.6
      '@module-federation/sdk': 0.21.6

  '@napi-rs/wasm-runtime@1.0.7':
    dependencies:
      '@emnapi/core': 1.7.1
      '@emnapi/runtime': 1.7.1
      '@tybys/wasm-util': 0.10.1
    optional: true

  '@rsbuild/core@1.6.12':
    dependencies:
      '@rspack/core': 1.6.6(@swc/helpers@0.5.17)
      '@rspack/lite-tapable': 1.1.0
      '@swc/helpers': 0.5.17
      core-js: 3.47.0
      jiti: 2.6.1

  '@rsbuild/plugin-react@1.4.2(@rsbuild/core@1.6.12)':
    dependencies:
      '@rsbuild/core': 1.6.12
      '@rspack/plugin-react-refresh': 1.5.3(react-refresh@0.18.0)
      react-refresh: 0.18.0
    transitivePeerDependencies:
      - webpack-hot-middleware

  '@rspack/binding-darwin-arm64@1.6.6':
    optional: true

  '@rspack/binding-darwin-x64@1.6.6':
    optional: true

  '@rspack/binding-linux-arm64-gnu@1.6.6':
    optional: true

  '@rspack/binding-linux-arm64-musl@1.6.6':
    optional: true

  '@rspack/binding-linux-x64-gnu@1.6.6':
    optional: true

  '@rspack/binding-linux-x64-musl@1.6.6':
    optional: true

  '@rspack/binding-wasm32-wasi@1.6.6':
    dependencies:
      '@napi-rs/wasm-runtime': 1.0.7
    optional: true

  '@rspack/binding-win32-arm64-msvc@1.6.6':
    optional: true

  '@rspack/binding-win32-ia32-msvc@1.6.6':
    optional: true

  '@rspack/binding-win32-x64-msvc@1.6.6':
    optional: true

  '@rspack/binding@1.6.6':
    optionalDependencies:
      '@rspack/binding-darwin-arm64': 1.6.6
      '@rspack/binding-darwin-x64': 1.6.6
      '@rspack/binding-linux-arm64-gnu': 1.6.6
      '@rspack/binding-linux-arm64-musl': 1.6.6
      '@rspack/binding-linux-x64-gnu': 1.6.6
      '@rspack/binding-linux-x64-musl': 1.6.6
      '@rspack/binding-wasm32-wasi': 1.6.6
      '@rspack/binding-win32-arm64-msvc': 1.6.6
      '@rspack/binding-win32-ia32-msvc': 1.6.6
      '@rspack/binding-win32-x64-msvc': 1.6.6

  '@rspack/core@1.6.6(@swc/helpers@0.5.17)':
    dependencies:
      '@module-federation/runtime-tools': 0.21.6
      '@rspack/binding': 1.6.6
      '@rspack/lite-tapable': 1.1.0
    optionalDependencies:
      '@swc/helpers': 0.5.17

  '@rspack/lite-tapable@1.1.0': {}

  '@rspack/plugin-react-refresh@1.5.3(react-refresh@0.18.0)':
    dependencies:
      error-stack-parser: 2.1.4
      html-entities: 2.6.0
      react-refresh: 0.18.0

  '@swc/helpers@0.5.17':
    dependencies:
      tslib: 2.8.1

  '@tybys/wasm-util@0.10.1':
    dependencies:
      tslib: 2.8.1
    optional: true

  '@types/react-dom@19.2.3(@types/react@19.2.7)':
    dependencies:
      '@types/react': 19.2.7

  '@types/react@19.2.7':
    dependencies:
      csstype: 3.2.3

  core-js@3.47.0: {}

  csstype@3.2.3: {}

  error-stack-parser@2.1.4:
    dependencies:
      stackframe: 1.3.4

  html-entities@2.6.0: {}

  jiti@2.6.1: {}

  react-dom@19.2.1(react@19.2.1):
    dependencies:
      react: 19.2.1
      scheduler: 0.27.0

  react-refresh@0.18.0: {}

  react@19.2.1: {}

  scheduler@0.27.0: {}

  stackframe@1.3.4: {}

  tslib@2.8.1: {}

  typescript@5.9.3: {}
